
Microsoft Visual Studio Solution File, Format Version 12.00
# Visual Studio Version 17
VisualStudioVersion = 17.5.2.0
MinimumVisualStudioVersion = 10.0.40219.1
Project("{FAE04EC0-301F-11D3-BF4B-00C04F79EFBC}") = "nutrition-blazor-app", "nutrition-blazor-app\nutrition-blazor-app.csproj", "{94B7485E-5AB2-F09A-FA8A-6CCFD0D773E6}"
EndProject
Project("{FAE04EC0-301F-11D3-BF4B-00C04F79EFBC}") = "nutrition-blazor-app.Tests", "nutrition-blazor-app.Tests\nutrition-blazor-app.Tests.csproj", "{E6C031AE-EF30-410F-8BED-10B9A99E8758}"
EndProject
Global
	GlobalSection(SolutionConfigurationPlatforms) = preSolution
		Debug|Any CPU = Debug|Any CPU
		Debug|x64 = Debug|x64
		Debug|x86 = Debug|x86
		Release|Any CPU = Release|Any CPU
		Release|x64 = Release|x64
		Release|x86 = Release|x86
	EndGlobalSection
	GlobalSection(ProjectConfigurationPlatforms) = postSolution
		{94B7485E-5AB2-F09A-FA8A-6CCFD0D773E6}.Debug|Any CPU.ActiveCfg = Debug|Any CPU
		{94B7485E-5AB2-F09A-FA8A-6CCFD0D773E6}.Debug|Any CPU.Build.0 = Debug|Any CPU
		{94B7485E-5AB2-F09A-FA8A-6CCFD0D773E6}.Debug|x64.ActiveCfg = Debug|Any CPU
		{94B7485E-5AB2-F09A-FA8A-6CCFD0D773E6}.Debug|x64.Build.0 = Debug|Any CPU
		{94B7485E-5AB2-F09A-FA8A-6CCFD0D773E6}.Debug|x86.ActiveCfg = Debug|Any CPU
		{94B7485E-5AB2-F09A-FA8A-6CCFD0D773E6}.Debug|x86.Build.0 = Debug|Any CPU
		{94B7485E-5AB2-F09A-FA8A-6CCFD0D773E6}.Release|Any CPU.ActiveCfg = Release|Any CPU
		{94B7485E-5AB2-F09A-FA8A-6CCFD0D773E6}.Release|Any CPU.Build.0 = Release|Any CPU
		{94B7485E-5AB2-F09A-FA8A-6CCFD0D773E6}.Release|x64.ActiveCfg = Release|Any CPU
		{94B7485E-5AB2-F09A-FA8A-6CCFD0D773E6}.Release|x64.Build.0 = Release|Any CPU
		{94B7485E-5AB2-F09A-FA8A-6CCFD0D773E6}.Release|x86.ActiveCfg = Release|Any CPU
		{94B7485E-5AB2-F09A-FA8A-6CCFD0D773E6}.Release|x86.Build.0 = Release|Any CPU
		{E6C031AE-EF30-410F-8BED-10B9A99E8758}.Debug|Any CPU.ActiveCfg = Debug|Any CPU
		{E6C031AE-EF30-410F-8BED-10B9A99E8758}.Debug|Any CPU.Build.0 = Debug|Any CPU
		{E6C031AE-EF30-410F-8BED-10B9A99E8758}.Debug|x64.ActiveCfg = Debug|Any CPU
		{E6C031AE-EF30-410F-8BED-10B9A99E8758}.Debug|x64.Build.0 = Debug|Any CPU
		{E6C031AE-EF30-410F-8BED-10B9A99E8758}.Debug|x86.ActiveCfg = Debug|Any CPU
		{E6C031AE-EF30-410F-8BED-10B9A99E8758}.Debug|x86.Build.0 = Debug|Any CPU
		{E6C031AE-EF30-410F-8BED-10B9A99E8758}.Release|Any CPU.ActiveCfg = Release|Any CPU
		{E6C031AE-EF30-410F-8BED-10B9A99E8758}.Release|Any CPU.Build.0 = Release|Any CPU
		{E6C031AE-EF30-410F-8BED-10B9A99E8758}.Release|x64.ActiveCfg = Release|Any CPU
		{E6C031AE-EF30-410F-8BED-10B9A99E8758}.Release|x64.Build.0 = Release|Any CPU
		{E6C031AE-EF30-410F-8BED-10B9A99E8758}.Release|x86.ActiveCfg = Release|Any CPU
		{E6C031AE-EF30-410F-8BED-10B9A99E8758}.Release|x86.Build.0 = Release|Any CPU
	EndGlobalSection
	GlobalSection(SolutionProperties) = preSolution
		HideSolutionNode = FALSE
	EndGlobalSection
	GlobalSection(ExtensibilityGlobals) = postSolution
		SolutionGuid = {9678EA8D-5443-432D-9717-0EFD3E12172B}
	EndGlobalSection
EndGlobal
