
Microsoft Visual Studio Solution File, Format Version 12.00
# Visual Studio Version 17
VisualStudioVersion = 17.5.2.0
MinimumVisualStudioVersion = 10.0.40219.1
Project("{FAE04EC0-301F-11D3-BF4B-00C04F79EFBC}") = "NutrientMap.Api", "src\NutrientMap.Api\NutrientMap.Api.csproj", "{94B7485E-5AB2-F09A-FA8A-6CCFD0D773E6}"
EndProject
Project("{FAE04EC0-301F-11D3-BF4B-00C04F79EFBC}") = "NutrientMap.Application", "src\NutrientMap.Application\NutrientMap.Application.csproj", "{C5F4B0A1-176D-4D7B-89BA-0FBAF7F214C1}"
EndProject
Project("{FAE04EC0-301F-11D3-BF4B-00C04F79EFBC}") = "NutrientMap.Domain", "src\NutrientMap.Domain\NutrientMap.Domain.csproj", "{B3643E5A-30BD-4D57-8B9E-49C93D76B4CC}"
EndProject
Project("{FAE04EC0-301F-11D3-BF4B-00C04F79EFBC}") = "NutrientMap.Api.Tests", "tests\NutrientMap.Api.Tests\NutrientMap.Api.Tests.csproj", "{E6C031AE-EF30-410F-8BED-10B9A99E8758}"
EndProject
Global
	GlobalSection(SolutionConfigurationPlatforms) = preSolution
		Debug|Any CPU = Debug|Any CPU
		Debug|x64 = Debug|x64
		Debug|x86 = Debug|x86
		Release|Any CPU = Release|Any CPU
		Release|x64 = Release|x64
		Release|x86 = Release|x86
	EndGlobalSection
	GlobalSection(ProjectConfigurationPlatforms) = postSolution
		{94B7485E-5AB2-F09A-FA8A-6CCFD0D773E6}.Debug|Any CPU.ActiveCfg = Debug|Any CPU
		{94B7485E-5AB2-F09A-FA8A-6CCFD0D773E6}.Debug|Any CPU.Build.0 = Debug|Any CPU
		{94B7485E-5AB2-F09A-FA8A-6CCFD0D773E6}.Debug|x64.ActiveCfg = Debug|Any CPU
		{94B7485E-5AB2-F09A-FA8A-6CCFD0D773E6}.Debug|x64.Build.0 = Debug|Any CPU
		{94B7485E-5AB2-F09A-FA8A-6CCFD0D773E6}.Debug|x86.ActiveCfg = Debug|Any CPU
		{94B7485E-5AB2-F09A-FA8A-6CCFD0D773E6}.Debug|x86.Build.0 = Debug|Any CPU
		{94B7485E-5AB2-F09A-FA8A-6CCFD0D773E6}.Release|Any CPU.ActiveCfg = Release|Any CPU
		{94B7485E-5AB2-F09A-FA8A-6CCFD0D773E6}.Release|Any CPU.Build.0 = Release|Any CPU
		{94B7485E-5AB2-F09A-FA8A-6CCFD0D773E6}.Release|x64.ActiveCfg = Release|Any CPU
		{94B7485E-5AB2-F09A-FA8A-6CCFD0D773E6}.Release|x64.Build.0 = Release|Any CPU
		{94B7485E-5AB2-F09A-FA8A-6CCFD0D773E6}.Release|x86.ActiveCfg = Release|Any CPU
		{94B7485E-5AB2-F09A-FA8A-6CCFD0D773E6}.Release|x86.Build.0 = Release|Any CPU
		{C5F4B0A1-176D-4D7B-89BA-0FBAF7F214C1}.Debug|Any CPU.ActiveCfg = Debug|Any CPU
		{C5F4B0A1-176D-4D7B-89BA-0FBAF7F214C1}.Debug|Any CPU.Build.0 = Debug|Any CPU
		{C5F4B0A1-176D-4D7B-89BA-0FBAF7F214C1}.Debug|x64.ActiveCfg = Debug|Any CPU
		{C5F4B0A1-176D-4D7B-89BA-0FBAF7F214C1}.Debug|x64.Build.0 = Debug|Any CPU
		{C5F4B0A1-176D-4D7B-89BA-0FBAF7F214C1}.Debug|x86.ActiveCfg = Debug|Any CPU
		{C5F4B0A1-176D-4D7B-89BA-0FBAF7F214C1}.Debug|x86.Build.0 = Debug|Any CPU
		{C5F4B0A1-176D-4D7B-89BA-0FBAF7F214C1}.Release|Any CPU.ActiveCfg = Release|Any CPU
		{C5F4B0A1-176D-4D7B-89BA-0FBAF7F214C1}.Release|Any CPU.Build.0 = Release|Any CPU
		{C5F4B0A1-176D-4D7B-89BA-0FBAF7F214C1}.Release|x64.ActiveCfg = Release|Any CPU
		{C5F4B0A1-176D-4D7B-89BA-0FBAF7F214C1}.Release|x64.Build.0 = Release|Any CPU
		{C5F4B0A1-176D-4D7B-89BA-0FBAF7F214C1}.Release|x86.ActiveCfg = Release|Any CPU
		{C5F4B0A1-176D-4D7B-89BA-0FBAF7F214C1}.Release|x86.Build.0 = Release|Any CPU
		{B3643E5A-30BD-4D57-8B9E-49C93D76B4CC}.Debug|Any CPU.ActiveCfg = Debug|Any CPU
		{B3643E5A-30BD-4D57-8B9E-49C93D76B4CC}.Debug|Any CPU.Build.0 = Debug|Any CPU
		{B3643E5A-30BD-4D57-8B9E-49C93D76B4CC}.Debug|x64.ActiveCfg = Debug|Any CPU
		{B3643E5A-30BD-4D57-8B9E-49C93D76B4CC}.Debug|x64.Build.0 = Debug|Any CPU
		{B3643E5A-30BD-4D57-8B9E-49C93D76B4CC}.Debug|x86.ActiveCfg = Debug|Any CPU
		{B3643E5A-30BD-4D57-8B9E-49C93D76B4CC}.Debug|x86.Build.0 = Debug|Any CPU
		{B3643E5A-30BD-4D57-8B9E-49C93D76B4CC}.Release|Any CPU.ActiveCfg = Release|Any CPU
		{B3643E5A-30BD-4D57-8B9E-49C93D76B4CC}.Release|Any CPU.Build.0 = Release|Any CPU
		{B3643E5A-30BD-4D57-8B9E-49C93D76B4CC}.Release|x64.ActiveCfg = Release|Any CPU
		{B3643E5A-30BD-4D57-8B9E-49C93D76B4CC}.Release|x64.Build.0 = Release|Any CPU
		{B3643E5A-30BD-4D57-8B9E-49C93D76B4CC}.Release|x86.ActiveCfg = Release|Any CPU
		{B3643E5A-30BD-4D57-8B9E-49C93D76B4CC}.Release|x86.Build.0 = Release|Any CPU
		{E6C031AE-EF30-410F-8BED-10B9A99E8758}.Debug|Any CPU.ActiveCfg = Debug|Any CPU
		{E6C031AE-EF30-410F-8BED-10B9A99E8758}.Debug|Any CPU.Build.0 = Debug|Any CPU
		{E6C031AE-EF30-410F-8BED-10B9A99E8758}.Debug|x64.ActiveCfg = Debug|Any CPU
		{E6C031AE-EF30-410F-8BED-10B9A99E8758}.Debug|x64.Build.0 = Debug|Any CPU
		{E6C031AE-EF30-410F-8BED-10B9A99E8758}.Debug|x86.ActiveCfg = Debug|Any CPU
		{E6C031AE-EF30-410F-8BED-10B9A99E8758}.Debug|x86.Build.0 = Debug|Any CPU
		{E6C031AE-EF30-410F-8BED-10B9A99E8758}.Release|Any CPU.ActiveCfg = Release|Any CPU
		{E6C031AE-EF30-410F-8BED-10B9A99E8758}.Release|Any CPU.Build.0 = Release|Any CPU
		{E6C031AE-EF30-410F-8BED-10B9A99E8758}.Release|x64.ActiveCfg = Release|Any CPU
		{E6C031AE-EF30-410F-8BED-10B9A99E8758}.Release|x64.Build.0 = Release|Any CPU
		{E6C031AE-EF30-410F-8BED-10B9A99E8758}.Release|x86.ActiveCfg = Release|Any CPU
		{E6C031AE-EF30-410F-8BED-10B9A99E8758}.Release|x86.Build.0 = Release|Any CPU
	EndGlobalSection
	GlobalSection(SolutionProperties) = preSolution
		HideSolutionNode = FALSE
	EndGlobalSection
	GlobalSection(ExtensibilityGlobals) = postSolution
		SolutionGuid = {9678EA8D-5443-432D-9717-0EFD3E12172B}
	EndGlobalSection
EndGlobal
